dependencies:
- name: keycloak
  repository: file://keycloak
  version: 18.7.1
- name: vault
  repository: file://vault
  version: 0.27.0
- name: postgresql
  repository: file://postgresql
  version: 13.4.4
digest: sha256:b55a3e80ebf8129835f62175e22e4e3c46b9c6198d7bb438211b5f5fc4214657
generated: "2025-11-12T07:47:24.356713-05:00"
